
Microsoft Visual Studio Solution File, Format Version 12.00
# Visual Studio 14
VisualStudioVersion = 14.0.25420.1
MinimumVisualStudioVersion = 10.0.40219.1
Project("{FAE04EC0-301F-11D3-BF4B-00C04F79EFBC}") = "MinMethod", "MinMethod\MinMethod.csproj", "{49C55328-444A-4FCD-AF40-5B8F3B4191A5}"
EndProject
Project("{FAE04EC0-301F-11D3-BF4B-00C04F79EFBC}") = "StringRepeater", "StringRepeater\StringRepeater.csproj", "{3E2582E9-A4E0-407F-B460-23CC8C289E9D}"
EndProject
Project("{FAE04EC0-301F-11D3-BF4B-00C04F79EFBC}") = "CountofGivenElementinArray", "CountofGivenElementinArray\CountofGivenElementinArray.csproj", "{67DA6DC3-7CC0-4F5F-A6CE-AB73FB12899F}"
EndProject
Project("{FAE04EC0-301F-11D3-BF4B-00C04F79EFBC}") = "NthDigit", "NthDigit\NthDigit.csproj", "{8E17C6D2-58C1-4408-B782-737F730D76E0}"
EndProject
Project("{FAE04EC0-301F-11D3-BF4B-00C04F79EFBC}") = "IntegerToBase", "IntegerToBase\IntegerToBase.csproj", "{82C31B9A-3EE0-4CDE-9BFA-08723FAF7018}"
EndProject
Project("{FAE04EC0-301F-11D3-BF4B-00C04F79EFBC}") = "Notifications", "Notifications\Notifications.csproj", "{4BCB11E3-2201-48BF-917A-EB5B5EB9BB24}"
EndProject
Project("{FAE04EC0-301F-11D3-BF4B-00C04F79EFBC}") = "NumberstoWords", "NumberstoWords\NumberstoWords.csproj", "{3D9217D6-77A0-4DD5-987B-8FD794BE752C}"
EndProject
Project("{FAE04EC0-301F-11D3-BF4B-00C04F79EFBC}") = "NumToWord", "NumToWord\NumToWord.csproj", "{735DD39F-F9FE-403F-82E7-D204CD9F59A2}"
EndProject
Project("{FAE04EC0-301F-11D3-BF4B-00C04F79EFBC}") = "LargestElementInArray", "LargestElementInArray\LargestElementInArray.csproj", "{44C79876-2E5E-493A-9C67-3E404A047ABD}"
EndProject
Global
	GlobalSection(SolutionConfigurationPlatforms) = preSolution
		Debug|Any CPU = Debug|Any CPU
		Release|Any CPU = Release|Any CPU
	EndGlobalSection
	GlobalSection(ProjectConfigurationPlatforms) = postSolution
		{49C55328-444A-4FCD-AF40-5B8F3B4191A5}.Debug|Any CPU.ActiveCfg = Debug|Any CPU
		{49C55328-444A-4FCD-AF40-5B8F3B4191A5}.Debug|Any CPU.Build.0 = Debug|Any CPU
		{49C55328-444A-4FCD-AF40-5B8F3B4191A5}.Release|Any CPU.ActiveCfg = Release|Any CPU
		{49C55328-444A-4FCD-AF40-5B8F3B4191A5}.Release|Any CPU.Build.0 = Release|Any CPU
		{3E2582E9-A4E0-407F-B460-23CC8C289E9D}.Debug|Any CPU.ActiveCfg = Debug|Any CPU
		{3E2582E9-A4E0-407F-B460-23CC8C289E9D}.Debug|Any CPU.Build.0 = Debug|Any CPU
		{3E2582E9-A4E0-407F-B460-23CC8C289E9D}.Release|Any CPU.ActiveCfg = Release|Any CPU
		{3E2582E9-A4E0-407F-B460-23CC8C289E9D}.Release|Any CPU.Build.0 = Release|Any CPU
		{67DA6DC3-7CC0-4F5F-A6CE-AB73FB12899F}.Debug|Any CPU.ActiveCfg = Debug|Any CPU
		{67DA6DC3-7CC0-4F5F-A6CE-AB73FB12899F}.Debug|Any CPU.Build.0 = Debug|Any CPU
		{67DA6DC3-7CC0-4F5F-A6CE-AB73FB12899F}.Release|Any CPU.ActiveCfg = Release|Any CPU
		{67DA6DC3-7CC0-4F5F-A6CE-AB73FB12899F}.Release|Any CPU.Build.0 = Release|Any CPU
		{8E17C6D2-58C1-4408-B782-737F730D76E0}.Debug|Any CPU.ActiveCfg = Debug|Any CPU
		{8E17C6D2-58C1-4408-B782-737F730D76E0}.Debug|Any CPU.Build.0 = Debug|Any CPU
		{8E17C6D2-58C1-4408-B782-737F730D76E0}.Release|Any CPU.ActiveCfg = Release|Any CPU
		{8E17C6D2-58C1-4408-B782-737F730D76E0}.Release|Any CPU.Build.0 = Release|Any CPU
		{82C31B9A-3EE0-4CDE-9BFA-08723FAF7018}.Debug|Any CPU.ActiveCfg = Debug|Any CPU
		{82C31B9A-3EE0-4CDE-9BFA-08723FAF7018}.Debug|Any CPU.Build.0 = Debug|Any CPU
		{82C31B9A-3EE0-4CDE-9BFA-08723FAF7018}.Release|Any CPU.ActiveCfg = Release|Any CPU
		{82C31B9A-3EE0-4CDE-9BFA-08723FAF7018}.Release|Any CPU.Build.0 = Release|Any CPU
		{4BCB11E3-2201-48BF-917A-EB5B5EB9BB24}.Debug|Any CPU.ActiveCfg = Debug|Any CPU
		{4BCB11E3-2201-48BF-917A-EB5B5EB9BB24}.Debug|Any CPU.Build.0 = Debug|Any CPU
		{4BCB11E3-2201-48BF-917A-EB5B5EB9BB24}.Release|Any CPU.ActiveCfg = Release|Any CPU
		{4BCB11E3-2201-48BF-917A-EB5B5EB9BB24}.Release|Any CPU.Build.0 = Release|Any CPU
		{3D9217D6-77A0-4DD5-987B-8FD794BE752C}.Debug|Any CPU.ActiveCfg = Debug|Any CPU
		{3D9217D6-77A0-4DD5-987B-8FD794BE752C}.Debug|Any CPU.Build.0 = Debug|Any CPU
		{3D9217D6-77A0-4DD5-987B-8FD794BE752C}.Release|Any CPU.ActiveCfg = Release|Any CPU
		{3D9217D6-77A0-4DD5-987B-8FD794BE752C}.Release|Any CPU.Build.0 = Release|Any CPU
		{735DD39F-F9FE-403F-82E7-D204CD9F59A2}.Debug|Any CPU.ActiveCfg = Debug|Any CPU
		{735DD39F-F9FE-403F-82E7-D204CD9F59A2}.Debug|Any CPU.Build.0 = Debug|Any CPU
		{735DD39F-F9FE-403F-82E7-D204CD9F59A2}.Release|Any CPU.ActiveCfg = Release|Any CPU
		{735DD39F-F9FE-403F-82E7-D204CD9F59A2}.Release|Any CPU.Build.0 = Release|Any CPU
		{44C79876-2E5E-493A-9C67-3E404A047ABD}.Debug|Any CPU.ActiveCfg = Debug|Any CPU
		{44C79876-2E5E-493A-9C67-3E404A047ABD}.Debug|Any CPU.Build.0 = Debug|Any CPU
		{44C79876-2E5E-493A-9C67-3E404A047ABD}.Release|Any CPU.ActiveCfg = Release|Any CPU
		{44C79876-2E5E-493A-9C67-3E404A047ABD}.Release|Any CPU.Build.0 = Release|Any CPU
	EndGlobalSection
	GlobalSection(SolutionProperties) = preSolution
		HideSolutionNode = FALSE
	EndGlobalSection
EndGlobal
