
Microsoft Visual Studio Solution File, Format Version 12.00
# Visual Studio 14
VisualStudioVersion = 14.0.25420.1
MinimumVisualStudioVersion = 10.0.40219.1
Project("{FAE04EC0-301F-11D3-BF4B-00C04F79EFBC}") = "MinMethod", "MinMethod\MinMethod.csproj", "{49C55328-444A-4FCD-AF40-5B8F3B4191A5}"
EndProject
Project("{FAE04EC0-301F-11D3-BF4B-00C04F79EFBC}") = "StringRepeater", "StringRepeater\StringRepeater.csproj", "{3E2582E9-A4E0-407F-B460-23CC8C289E9D}"
EndProject
Project("{FAE04EC0-301F-11D3-BF4B-00C04F79EFBC}") = "CountofGivenElementinArray", "CountofGivenElementinArray\CountofGivenElementinArray.csproj", "{67DA6DC3-7CC0-4F5F-A6CE-AB73FB12899F}"
EndProject
Project("{FAE04EC0-301F-11D3-BF4B-00C04F79EFBC}") = "NthDigit", "NthDigit\NthDigit.csproj", "{8E17C6D2-58C1-4408-B782-737F730D76E0}"
EndProject
Project("{FAE04EC0-301F-11D3-BF4B-00C04F79EFBC}") = "IntegerToBase", "IntegerToBase\IntegerToBase.csproj", "{82C31B9A-3EE0-4CDE-9BFA-08723FAF7018}"
EndProject
Project("{FAE04EC0-301F-11D3-BF4B-00C04F79EFBC}") = "Notifications", "Notifications\Notifications.csproj", "{4BCB11E3-2201-48BF-917A-EB5B5EB9BB24}"
EndProject
Project("{FAE04EC0-301F-11D3-BF4B-00C04F79EFBC}") = "NumberstoWords", "NumberstoWords\NumberstoWords.csproj", "{3D9217D6-77A0-4DD5-987B-8FD794BE752C}"
EndProject
Project("{FAE04EC0-301F-11D3-BF4B-00C04F79EFBC}") = "NumToWord", "NumToWord\NumToWord.csproj", "{735DD39F-F9FE-403F-82E7-D204CD9F59A2}"
EndProject
Project("{FAE04EC0-301F-11D3-BF4B-00C04F79EFBC}") = "LargestElementInArray", "LargestElementInArray\LargestElementInArray.csproj", "{44C79876-2E5E-493A-9C67-3E404A047ABD}"
EndProject
Project("{FAE04EC0-301F-11D3-BF4B-00C04F79EFBC}") = "CountOfNegativeElementsInArray", "CountOfNegativeElementsInArray\CountOfNegativeElementsInArray.csproj", "{F0BEF17B-F775-485A-A743-A7BB16A0DF94}"
EndProject
Project("{FAE04EC0-301F-11D3-BF4B-00C04F79EFBC}") = "StringEncryption", "StringEncryption\StringEncryption.csproj", "{22167E29-1204-4F9D-ABF9-CCE28781FF54}"
EndProject
Project("{FAE04EC0-301F-11D3-BF4B-00C04F79EFBC}") = "CountOccurrencesOfLargerNumbersInArray", "CountOccurrencesOfLargerNumbersInArray\CountOccurrencesOfLargerNumbersInArray.csproj", "{E88605C1-4300-4A0E-80D2-E411B2D36650}"
EndProject
Project("{FAE04EC0-301F-11D3-BF4B-00C04F79EFBC}") = "IncreasingSequenceOfElements", "IncreasingSequenceOfElements\IncreasingSequenceOfElements.csproj", "{50918513-1812-4655-83E4-ACEE3923F439}"
EndProject
Project("{FAE04EC0-301F-11D3-BF4B-00C04F79EFBC}") = "EqualSequenceOfElementsInArray", "EqualSequenceOfElementsInArray\EqualSequenceOfElementsInArray.csproj", "{6604F6F1-EB99-481B-8C65-AFB4DA71B678}"
EndProject
Project("{FAE04EC0-301F-11D3-BF4B-00C04F79EFBC}") = "CountOfCapitalLettersInArray", "CountOfCapitalLettersInArray\CountOfCapitalLettersInArray.csproj", "{3AEED242-CB96-4670-BBC9-717CC29A0D6B}"
EndProject
Project("{FAE04EC0-301F-11D3-BF4B-00C04F79EFBC}") = "ArraySymmetry", "ArraySymmetry\ArraySymmetry.csproj", "{17694800-FA14-4200-8FC7-264C565EA785}"
EndProject
Project("{FAE04EC0-301F-11D3-BF4B-00C04F79EFBC}") = "Altitude", "Altitude\Altitude.csproj", "{C41A1426-7602-4637-90DF-E83AF0A944B0}"
EndProject
Project("{FAE04EC0-301F-11D3-BF4B-00C04F79EFBC}") = "RemoveNegativesAndReverse", "RemoveNegativesAndReverse\RemoveNegativesAndReverse.csproj", "{61A46A49-F488-4285-BBB3-64A2AED5F5B4}"
EndProject
Project("{FAE04EC0-301F-11D3-BF4B-00C04F79EFBC}") = "LiveDemo", "LiveDemo\LiveDemo.csproj", "{9C0E179F-597D-4FE9-AE92-EB61F46C3E06}"
EndProject
Project("{FAE04EC0-301F-11D3-BF4B-00C04F79EFBC}") = "ResizableArray", "ResizableArray\ResizableArray.csproj", "{564A7FE0-94BE-4D3A-AB82-86EFC6A9C3A7}"
EndProject
Project("{FAE04EC0-301F-11D3-BF4B-00C04F79EFBC}") = "AppendLists", "AppendLists\AppendLists.csproj", "{D71BECAE-174B-4382-84D5-9E0E73E80CDD}"
EndProject
Project("{FAE04EC0-301F-11D3-BF4B-00C04F79EFBC}") = "Regex", "Regex\Regex.csproj", "{FF643CE4-C39C-4381-8F23-0BF8BF4162F9}"
EndProject
Project("{FAE04EC0-301F-11D3-BF4B-00C04F79EFBC}") = "MatchFullName", "MatchFullName\MatchFullName.csproj", "{D0450E08-879B-4DA4-B238-5CA7E1BE5052}"
EndProject
Project("{FAE04EC0-301F-11D3-BF4B-00C04F79EFBC}") = "HowToOverwriteToString", "HowToOverwriteToString\HowToOverwriteToString.csproj", "{3A6E8444-7229-407D-A765-608F7338881C}"
EndProject
Project("{FAE04EC0-301F-11D3-BF4B-00C04F79EFBC}") = "MatchPhoneNumber", "MatchPhoneNumber\MatchPhoneNumber.csproj", "{FCFD9146-C14C-473D-9EC0-08A8834DFF1E}"
EndProject
Global
	GlobalSection(SolutionConfigurationPlatforms) = preSolution
		Debug|Any CPU = Debug|Any CPU
		Release|Any CPU = Release|Any CPU
	EndGlobalSection
	GlobalSection(ProjectConfigurationPlatforms) = postSolution
		{49C55328-444A-4FCD-AF40-5B8F3B4191A5}.Debug|Any CPU.ActiveCfg = Debug|Any CPU
		{49C55328-444A-4FCD-AF40-5B8F3B4191A5}.Debug|Any CPU.Build.0 = Debug|Any CPU
		{49C55328-444A-4FCD-AF40-5B8F3B4191A5}.Release|Any CPU.ActiveCfg = Release|Any CPU
		{49C55328-444A-4FCD-AF40-5B8F3B4191A5}.Release|Any CPU.Build.0 = Release|Any CPU
		{3E2582E9-A4E0-407F-B460-23CC8C289E9D}.Debug|Any CPU.ActiveCfg = Debug|Any CPU
		{3E2582E9-A4E0-407F-B460-23CC8C289E9D}.Debug|Any CPU.Build.0 = Debug|Any CPU
		{3E2582E9-A4E0-407F-B460-23CC8C289E9D}.Release|Any CPU.ActiveCfg = Release|Any CPU
		{3E2582E9-A4E0-407F-B460-23CC8C289E9D}.Release|Any CPU.Build.0 = Release|Any CPU
		{67DA6DC3-7CC0-4F5F-A6CE-AB73FB12899F}.Debug|Any CPU.ActiveCfg = Debug|Any CPU
		{67DA6DC3-7CC0-4F5F-A6CE-AB73FB12899F}.Debug|Any CPU.Build.0 = Debug|Any CPU
		{67DA6DC3-7CC0-4F5F-A6CE-AB73FB12899F}.Release|Any CPU.ActiveCfg = Release|Any CPU
		{67DA6DC3-7CC0-4F5F-A6CE-AB73FB12899F}.Release|Any CPU.Build.0 = Release|Any CPU
		{8E17C6D2-58C1-4408-B782-737F730D76E0}.Debug|Any CPU.ActiveCfg = Debug|Any CPU
		{8E17C6D2-58C1-4408-B782-737F730D76E0}.Debug|Any CPU.Build.0 = Debug|Any CPU
		{8E17C6D2-58C1-4408-B782-737F730D76E0}.Release|Any CPU.ActiveCfg = Release|Any CPU
		{8E17C6D2-58C1-4408-B782-737F730D76E0}.Release|Any CPU.Build.0 = Release|Any CPU
		{82C31B9A-3EE0-4CDE-9BFA-08723FAF7018}.Debug|Any CPU.ActiveCfg = Debug|Any CPU
		{82C31B9A-3EE0-4CDE-9BFA-08723FAF7018}.Debug|Any CPU.Build.0 = Debug|Any CPU
		{82C31B9A-3EE0-4CDE-9BFA-08723FAF7018}.Release|Any CPU.ActiveCfg = Release|Any CPU
		{82C31B9A-3EE0-4CDE-9BFA-08723FAF7018}.Release|Any CPU.Build.0 = Release|Any CPU
		{4BCB11E3-2201-48BF-917A-EB5B5EB9BB24}.Debug|Any CPU.ActiveCfg = Debug|Any CPU
		{4BCB11E3-2201-48BF-917A-EB5B5EB9BB24}.Debug|Any CPU.Build.0 = Debug|Any CPU
		{4BCB11E3-2201-48BF-917A-EB5B5EB9BB24}.Release|Any CPU.ActiveCfg = Release|Any CPU
		{4BCB11E3-2201-48BF-917A-EB5B5EB9BB24}.Release|Any CPU.Build.0 = Release|Any CPU
		{3D9217D6-77A0-4DD5-987B-8FD794BE752C}.Debug|Any CPU.ActiveCfg = Debug|Any CPU
		{3D9217D6-77A0-4DD5-987B-8FD794BE752C}.Debug|Any CPU.Build.0 = Debug|Any CPU
		{3D9217D6-77A0-4DD5-987B-8FD794BE752C}.Release|Any CPU.ActiveCfg = Release|Any CPU
		{3D9217D6-77A0-4DD5-987B-8FD794BE752C}.Release|Any CPU.Build.0 = Release|Any CPU
		{735DD39F-F9FE-403F-82E7-D204CD9F59A2}.Debug|Any CPU.ActiveCfg = Debug|Any CPU
		{735DD39F-F9FE-403F-82E7-D204CD9F59A2}.Debug|Any CPU.Build.0 = Debug|Any CPU
		{735DD39F-F9FE-403F-82E7-D204CD9F59A2}.Release|Any CPU.ActiveCfg = Release|Any CPU
		{735DD39F-F9FE-403F-82E7-D204CD9F59A2}.Release|Any CPU.Build.0 = Release|Any CPU
		{44C79876-2E5E-493A-9C67-3E404A047ABD}.Debug|Any CPU.ActiveCfg = Debug|Any CPU
		{44C79876-2E5E-493A-9C67-3E404A047ABD}.Debug|Any CPU.Build.0 = Debug|Any CPU
		{44C79876-2E5E-493A-9C67-3E404A047ABD}.Release|Any CPU.ActiveCfg = Release|Any CPU
		{44C79876-2E5E-493A-9C67-3E404A047ABD}.Release|Any CPU.Build.0 = Release|Any CPU
		{F0BEF17B-F775-485A-A743-A7BB16A0DF94}.Debug|Any CPU.ActiveCfg = Debug|Any CPU
		{F0BEF17B-F775-485A-A743-A7BB16A0DF94}.Debug|Any CPU.Build.0 = Debug|Any CPU
		{F0BEF17B-F775-485A-A743-A7BB16A0DF94}.Release|Any CPU.ActiveCfg = Release|Any CPU
		{F0BEF17B-F775-485A-A743-A7BB16A0DF94}.Release|Any CPU.Build.0 = Release|Any CPU
		{22167E29-1204-4F9D-ABF9-CCE28781FF54}.Debug|Any CPU.ActiveCfg = Debug|Any CPU
		{22167E29-1204-4F9D-ABF9-CCE28781FF54}.Debug|Any CPU.Build.0 = Debug|Any CPU
		{22167E29-1204-4F9D-ABF9-CCE28781FF54}.Release|Any CPU.ActiveCfg = Release|Any CPU
		{22167E29-1204-4F9D-ABF9-CCE28781FF54}.Release|Any CPU.Build.0 = Release|Any CPU
		{E88605C1-4300-4A0E-80D2-E411B2D36650}.Debug|Any CPU.ActiveCfg = Debug|Any CPU
		{E88605C1-4300-4A0E-80D2-E411B2D36650}.Debug|Any CPU.Build.0 = Debug|Any CPU
		{E88605C1-4300-4A0E-80D2-E411B2D36650}.Release|Any CPU.ActiveCfg = Release|Any CPU
		{E88605C1-4300-4A0E-80D2-E411B2D36650}.Release|Any CPU.Build.0 = Release|Any CPU
		{50918513-1812-4655-83E4-ACEE3923F439}.Debug|Any CPU.ActiveCfg = Debug|Any CPU
		{50918513-1812-4655-83E4-ACEE3923F439}.Debug|Any CPU.Build.0 = Debug|Any CPU
		{50918513-1812-4655-83E4-ACEE3923F439}.Release|Any CPU.ActiveCfg = Release|Any CPU
		{50918513-1812-4655-83E4-ACEE3923F439}.Release|Any CPU.Build.0 = Release|Any CPU
		{6604F6F1-EB99-481B-8C65-AFB4DA71B678}.Debug|Any CPU.ActiveCfg = Debug|Any CPU
		{6604F6F1-EB99-481B-8C65-AFB4DA71B678}.Debug|Any CPU.Build.0 = Debug|Any CPU
		{6604F6F1-EB99-481B-8C65-AFB4DA71B678}.Release|Any CPU.ActiveCfg = Release|Any CPU
		{6604F6F1-EB99-481B-8C65-AFB4DA71B678}.Release|Any CPU.Build.0 = Release|Any CPU
		{3AEED242-CB96-4670-BBC9-717CC29A0D6B}.Debug|Any CPU.ActiveCfg = Debug|Any CPU
		{3AEED242-CB96-4670-BBC9-717CC29A0D6B}.Debug|Any CPU.Build.0 = Debug|Any CPU
		{3AEED242-CB96-4670-BBC9-717CC29A0D6B}.Release|Any CPU.ActiveCfg = Release|Any CPU
		{3AEED242-CB96-4670-BBC9-717CC29A0D6B}.Release|Any CPU.Build.0 = Release|Any CPU
		{17694800-FA14-4200-8FC7-264C565EA785}.Debug|Any CPU.ActiveCfg = Debug|Any CPU
		{17694800-FA14-4200-8FC7-264C565EA785}.Debug|Any CPU.Build.0 = Debug|Any CPU
		{17694800-FA14-4200-8FC7-264C565EA785}.Release|Any CPU.ActiveCfg = Release|Any CPU
		{17694800-FA14-4200-8FC7-264C565EA785}.Release|Any CPU.Build.0 = Release|Any CPU
		{C41A1426-7602-4637-90DF-E83AF0A944B0}.Debug|Any CPU.ActiveCfg = Debug|Any CPU
		{C41A1426-7602-4637-90DF-E83AF0A944B0}.Debug|Any CPU.Build.0 = Debug|Any CPU
		{C41A1426-7602-4637-90DF-E83AF0A944B0}.Release|Any CPU.ActiveCfg = Release|Any CPU
		{C41A1426-7602-4637-90DF-E83AF0A944B0}.Release|Any CPU.Build.0 = Release|Any CPU
		{61A46A49-F488-4285-BBB3-64A2AED5F5B4}.Debug|Any CPU.ActiveCfg = Debug|Any CPU
		{61A46A49-F488-4285-BBB3-64A2AED5F5B4}.Debug|Any CPU.Build.0 = Debug|Any CPU
		{61A46A49-F488-4285-BBB3-64A2AED5F5B4}.Release|Any CPU.ActiveCfg = Release|Any CPU
		{61A46A49-F488-4285-BBB3-64A2AED5F5B4}.Release|Any CPU.Build.0 = Release|Any CPU
		{9C0E179F-597D-4FE9-AE92-EB61F46C3E06}.Debug|Any CPU.ActiveCfg = Debug|Any CPU
		{9C0E179F-597D-4FE9-AE92-EB61F46C3E06}.Debug|Any CPU.Build.0 = Debug|Any CPU
		{9C0E179F-597D-4FE9-AE92-EB61F46C3E06}.Release|Any CPU.ActiveCfg = Release|Any CPU
		{9C0E179F-597D-4FE9-AE92-EB61F46C3E06}.Release|Any CPU.Build.0 = Release|Any CPU
		{564A7FE0-94BE-4D3A-AB82-86EFC6A9C3A7}.Debug|Any CPU.ActiveCfg = Debug|Any CPU
		{564A7FE0-94BE-4D3A-AB82-86EFC6A9C3A7}.Debug|Any CPU.Build.0 = Debug|Any CPU
		{564A7FE0-94BE-4D3A-AB82-86EFC6A9C3A7}.Release|Any CPU.ActiveCfg = Release|Any CPU
		{564A7FE0-94BE-4D3A-AB82-86EFC6A9C3A7}.Release|Any CPU.Build.0 = Release|Any CPU
		{D71BECAE-174B-4382-84D5-9E0E73E80CDD}.Debug|Any CPU.ActiveCfg = Debug|Any CPU
		{D71BECAE-174B-4382-84D5-9E0E73E80CDD}.Debug|Any CPU.Build.0 = Debug|Any CPU
		{D71BECAE-174B-4382-84D5-9E0E73E80CDD}.Release|Any CPU.ActiveCfg = Release|Any CPU
		{D71BECAE-174B-4382-84D5-9E0E73E80CDD}.Release|Any CPU.Build.0 = Release|Any CPU
		{FF643CE4-C39C-4381-8F23-0BF8BF4162F9}.Debug|Any CPU.ActiveCfg = Debug|Any CPU
		{FF643CE4-C39C-4381-8F23-0BF8BF4162F9}.Debug|Any CPU.Build.0 = Debug|Any CPU
		{FF643CE4-C39C-4381-8F23-0BF8BF4162F9}.Release|Any CPU.ActiveCfg = Release|Any CPU
		{FF643CE4-C39C-4381-8F23-0BF8BF4162F9}.Release|Any CPU.Build.0 = Release|Any CPU
		{D0450E08-879B-4DA4-B238-5CA7E1BE5052}.Debug|Any CPU.ActiveCfg = Debug|Any CPU
		{D0450E08-879B-4DA4-B238-5CA7E1BE5052}.Debug|Any CPU.Build.0 = Debug|Any CPU
		{D0450E08-879B-4DA4-B238-5CA7E1BE5052}.Release|Any CPU.ActiveCfg = Release|Any CPU
		{D0450E08-879B-4DA4-B238-5CA7E1BE5052}.Release|Any CPU.Build.0 = Release|Any CPU
		{3A6E8444-7229-407D-A765-608F7338881C}.Debug|Any CPU.ActiveCfg = Debug|Any CPU
		{3A6E8444-7229-407D-A765-608F7338881C}.Debug|Any CPU.Build.0 = Debug|Any CPU
		{3A6E8444-7229-407D-A765-608F7338881C}.Release|Any CPU.ActiveCfg = Release|Any CPU
		{3A6E8444-7229-407D-A765-608F7338881C}.Release|Any CPU.Build.0 = Release|Any CPU
		{FCFD9146-C14C-473D-9EC0-08A8834DFF1E}.Debug|Any CPU.ActiveCfg = Debug|Any CPU
		{FCFD9146-C14C-473D-9EC0-08A8834DFF1E}.Debug|Any CPU.Build.0 = Debug|Any CPU
		{FCFD9146-C14C-473D-9EC0-08A8834DFF1E}.Release|Any CPU.ActiveCfg = Release|Any CPU
		{FCFD9146-C14C-473D-9EC0-08A8834DFF1E}.Release|Any CPU.Build.0 = Release|Any CPU
	EndGlobalSection
	GlobalSection(SolutionProperties) = preSolution
		HideSolutionNode = FALSE
	EndGlobalSection
EndGlobal
